
Microsoft Visual Studio Solution File, Format Version 12.00
# Visual Studio Version 16
VisualStudioVersion = 16.0.30907.101
MinimumVisualStudioVersion = 10.0.40219.1
Project("{FAE04EC0-301F-11D3-BF4B-00C04F79EFBC}") = "Assignment", "Assignment\Assignment.csproj", "{4C33290B-420A-4034-B065-1956A29FCAAA}"
EndProject
Global
	GlobalSection(SolutionConfigurationPlatforms) = preSolution
		Debug|Any CPU = Debug|Any CPU
		Release|Any CPU = Release|Any CPU
	EndGlobalSection
	GlobalSection(ProjectConfigurationPlatforms) = postSolution
		{4C33290B-420A-4034-B065-1956A29FCAAA}.Debug|Any CPU.ActiveCfg = Debug|Any CPU
		{4C33290B-420A-4034-B065-1956A29FCAAA}.Debug|Any CPU.Build.0 = Debug|Any CPU
		{4C33290B-420A-4034-B065-1956A29FCAAA}.Release|Any CPU.ActiveCfg = Release|Any CPU
		{4C33290B-420A-4034-B065-1956A29FCAAA}.Release|Any CPU.Build.0 = Release|Any CPU
	EndGlobalSection
	GlobalSection(SolutionProperties) = preSolution
		HideSolutionNode = FALSE
	EndGlobalSection
	GlobalSection(ExtensibilityGlobals) = postSolution
		SolutionGuid = {EE1281F6-A3A9-45CD-9C92-105DD73B2E33}
	EndGlobalSection
EndGlobal
